
Microsoft Visual Studio Solution File, Format Version 12.00
# Visual Studio 2013
VisualStudioVersion = 12.0.30501.0
MinimumVisualStudioVersion = 10.0.40219.1
Project("{F184B08F-C81C-45F6-A57F-5ABD9991F28F}") = "Project 2 Pair Coding Competition", "Project 2 Pair Coding Competition\Project 2 Pair Coding Competition.vbproj", "{36EFD6DD-DD10-411D-945C-05F4D7103664}"
EndProject
Global
	GlobalSection(SolutionConfigurationPlatforms) = preSolution
		Debug|Any CPU = Debug|Any CPU
		Release|Any CPU = Release|Any CPU
	EndGlobalSection
	GlobalSection(ProjectConfigurationPlatforms) = postSolution
		{36EFD6DD-DD10-411D-945C-05F4D7103664}.Debug|Any CPU.ActiveCfg = Debug|Any CPU
		{36EFD6DD-DD10-411D-945C-05F4D7103664}.Debug|Any CPU.Build.0 = Debug|Any CPU
		{36EFD6DD-DD10-411D-945C-05F4D7103664}.Release|Any CPU.ActiveCfg = Release|Any CPU
		{36EFD6DD-DD10-411D-945C-05F4D7103664}.Release|Any CPU.Build.0 = Release|Any CPU
	EndGlobalSection
	GlobalSection(SolutionProperties) = preSolution
		HideSolutionNode = FALSE
	EndGlobalSection
EndGlobal
